// !$*UTF8*$!
{
	archiveVersion = 1;
	classes = {
	};
	objectVersion = 56;
	objects = {

/* Begin PBXBuildFile section */
		3403B5B32A0B77770089C315 /* IAPManager.swift in Sources */ = {isa = PBXBuildFile; fileRef = 3403B5B22A0B77770089C315 /* IAPManager.swift */; };
		340524072A0B8321004A39C7 /* StoreKit.framework in Frameworks */ = {isa = PBXBuildFile; fileRef = 340524062A0B8321004A39C7 /* StoreKit.framework */; };
		3406DA6429C9F39D0090B416 /* ThemeManager.swift in Sources */ = {isa = PBXBuildFile; fileRef = 3406DA6329C9F39D0090B416 /* ThemeManager.swift */; };
		3406DA6A29C9F96F0090B416 /* ChooseThemeView.swift in Sources */ = {isa = PBXBuildFile; fileRef = 3406DA6929C9F96F0090B416 /* ChooseThemeView.swift */; };
		340AB7E529DC007000A818C5 /* MaturaManager.swift in Sources */ = {isa = PBXBuildFile; fileRef = 340AB7E429DC007000A818C5 /* MaturaManager.swift */; };
		341A540429F05ADE00EA9ECE /* AlertToast in Frameworks */ = {isa = PBXBuildFile; productRef = 341A540329F05ADE00EA9ECE /* AlertToast */; };
		344B3B0A29C9B348002CB723 /* SettingsView.swift in Sources */ = {isa = PBXBuildFile; fileRef = 344B3B0929C9B348002CB723 /* SettingsView.swift */; };
		344FE94529E94EEE001C6DA1 /* RectagularMaturaView.swift in Sources */ = {isa = PBXBuildFile; fileRef = 344FE94429E94EEE001C6DA1 /* RectagularMaturaView.swift */; };
		346DEAFD29DC1A5000C5A42F /* MaturaManager.swift in Sources */ = {isa = PBXBuildFile; fileRef = 346DEAFC29DC1A5000C5A42F /* MaturaManager.swift */; };
		348635A82A0B8A08004CAE7F /* ThanksProView.swift in Sources */ = {isa = PBXBuildFile; fileRef = 348635A72A0B8A08004CAE7F /* ThanksProView.swift */; };
		3486ABB529DD953A00574216 /* ThemeCreatorView.swift in Sources */ = {isa = PBXBuildFile; fileRef = 3486ABB429DD953A00574216 /* ThemeCreatorView.swift */; };
		3486ABB829DD979900574216 /* ThemePreview.swift in Sources */ = {isa = PBXBuildFile; fileRef = 3486ABB729DD979900574216 /* ThemePreview.swift */; };
		348D7F8629E52682009493E9 /* SmallMaturaView.swift in Sources */ = {isa = PBXBuildFile; fileRef = 348D7F8529E52682009493E9 /* SmallMaturaView.swift */; };
		3492FCF629C8D59E002432F0 /* AppStateManager.swift in Sources */ = {isa = PBXBuildFile; fileRef = 3492FCF529C8D59E002432F0 /* AppStateManager.swift */; };
		34BDF5AF2A08D1C000013E3F /* PurchaseProView.swift in Sources */ = {isa = PBXBuildFile; fileRef = 34BDF5AE2A08D1C000013E3F /* PurchaseProView.swift */; };
		34BDF5B12A08D6ED00013E3F /* ProFeatuteCell.swift in Sources */ = {isa = PBXBuildFile; fileRef = 34BDF5B02A08D6ED00013E3F /* ProFeatuteCell.swift */; };
		34C0764629C3087F00ACF799 /* whenMaturaApp.swift in Sources */ = {isa = PBXBuildFile; fileRef = 34C0764529C3087F00ACF799 /* whenMaturaApp.swift */; };
		34C0764829C3087F00ACF799 /* CountView.swift in Sources */ = {isa = PBXBuildFile; fileRef = 34C0764729C3087F00ACF799 /* CountView.swift */; };
		34C0764A29C3087F00ACF799 /* Assets.xcassets in Resources */ = {isa = PBXBuildFile; fileRef = 34C0764929C3087F00ACF799 /* Assets.xcassets */; };
		34C0764D29C3087F00ACF799 /* Preview Assets.xcassets in Resources */ = {isa = PBXBuildFile; fileRef = 34C0764C29C3087F00ACF799 /* Preview Assets.xcassets */; };
		34C0765529C309D900ACF799 /* OnboardingView.swift in Sources */ = {isa = PBXBuildFile; fileRef = 34C0765429C309D900ACF799 /* OnboardingView.swift */; };
		34F26C8B29E52B100084A913 /* CircularMaturaView.swift in Sources */ = {isa = PBXBuildFile; fileRef = 34F26C8A29E52B100084A913 /* CircularMaturaView.swift */; };
		34F7DF3F29D57CCC00088685 /* WidgetKit.framework in Frameworks */ = {isa = PBXBuildFile; fileRef = 34F7DF3E29D57CCC00088685 /* WidgetKit.framework */; };
		34F7DF4129D57CCC00088685 /* SwiftUI.framework in Frameworks */ = {isa = PBXBuildFile; fileRef = 34F7DF4029D57CCC00088685 /* SwiftUI.framework */; };
		34F7DF4429D57CCC00088685 /* whenMaturaWidgetBundle.swift in Sources */ = {isa = PBXBuildFile; fileRef = 34F7DF4329D57CCC00088685 /* whenMaturaWidgetBundle.swift */; };
		34F7DF4629D57CCC00088685 /* whenMaturaWidget.swift in Sources */ = {isa = PBXBuildFile; fileRef = 34F7DF4529D57CCC00088685 /* whenMaturaWidget.swift */; };
		34F7DF4829D57CCE00088685 /* Assets.xcassets in Resources */ = {isa = PBXBuildFile; fileRef = 34F7DF4729D57CCE00088685 /* Assets.xcassets */; };
		34F7DF4C29D57CCE00088685 /* whenMaturaWidgetExtension.appex in Embed Foundation Extensions */ = {isa = PBXBuildFile; fileRef = 34F7DF3C29D57CCC00088685 /* whenMaturaWidgetExtension.appex */; settings = {ATTRIBUTES = (RemoveHeadersOnCopy, ); }; };
		34F7DF5229D57ECE00088685 /* ThemeManager.swift in Sources */ = {isa = PBXBuildFile; fileRef = 3406DA6329C9F39D0090B416 /* ThemeManager.swift */; };
/* End PBXBuildFile section */

/* Begin PBXContainerItemProxy section */
		34F7DF4A29D57CCE00088685 /* PBXContainerItemProxy */ = {
			isa = PBXContainerItemProxy;
			containerPortal = 34C0763A29C3087E00ACF799 /* Project object */;
			proxyType = 1;
			remoteGlobalIDString = 34F7DF3B29D57CCC00088685;
			remoteInfo = whenMaturaWidgetExtension;
		};
/* End PBXContainerItemProxy section */

/* Begin PBXCopyFilesBuildPhase section */
		34F7DF4D29D57CCE00088685 /* Embed Foundation Extensions */ = {
			isa = PBXCopyFilesBuildPhase;
			buildActionMask = 2147483647;
			dstPath = "";
			dstSubfolderSpec = 13;
			files = (
				34F7DF4C29D57CCE00088685 /* whenMaturaWidgetExtension.appex in Embed Foundation Extensions */,
			);
			name = "Embed Foundation Extensions";
			runOnlyForDeploymentPostprocessing = 0;
		};
/* End PBXCopyFilesBuildPhase section */

/* Begin PBXFileReference section */
		3403B5B22A0B77770089C315 /* IAPManager.swift */ = {isa = PBXFileReference; lastKnownFileType = sourcecode.swift; path = IAPManager.swift; sourceTree = "<group>"; };
		340524062A0B8321004A39C7 /* StoreKit.framework */ = {isa = PBXFileReference; lastKnownFileType = wrapper.framework; name = StoreKit.framework; path = System/Library/Frameworks/StoreKit.framework; sourceTree = SDKROOT; };
		3406DA6329C9F39D0090B416 /* ThemeManager.swift */ = {isa = PBXFileReference; lastKnownFileType = sourcecode.swift; path = ThemeManager.swift; sourceTree = "<group>"; };
		3406DA6929C9F96F0090B416 /* ChooseThemeView.swift */ = {isa = PBXFileReference; lastKnownFileType = sourcecode.swift; path = ChooseThemeView.swift; sourceTree = "<group>"; };
		340AB7E429DC007000A818C5 /* MaturaManager.swift */ = {isa = PBXFileReference; lastKnownFileType = sourcecode.swift; path = MaturaManager.swift; sourceTree = "<group>"; };
		341BA32229CD874D00501A9E /* whenMatura.entitlements */ = {isa = PBXFileReference; lastKnownFileType = text.plist.entitlements; path = whenMatura.entitlements; sourceTree = "<group>"; };
		344B3B0929C9B348002CB723 /* SettingsView.swift */ = {isa = PBXFileReference; lastKnownFileType = sourcecode.swift; path = SettingsView.swift; sourceTree = "<group>"; };
		344FE94429E94EEE001C6DA1 /* RectagularMaturaView.swift */ = {isa = PBXFileReference; lastKnownFileType = sourcecode.swift; path = RectagularMaturaView.swift; sourceTree = "<group>"; };
		346DEAFC29DC1A5000C5A42F /* MaturaManager.swift */ = {isa = PBXFileReference; fileEncoding = 4; lastKnownFileType = sourcecode.swift; path = MaturaManager.swift; sourceTree = "<group>"; };
		348635A72A0B8A08004CAE7F /* ThanksProView.swift */ = {isa = PBXFileReference; lastKnownFileType = sourcecode.swift; path = ThanksProView.swift; sourceTree = "<group>"; };
		3486ABB429DD953A00574216 /* ThemeCreatorView.swift */ = {isa = PBXFileReference; lastKnownFileType = sourcecode.swift; path = ThemeCreatorView.swift; sourceTree = "<group>"; };
		3486ABB729DD979900574216 /* ThemePreview.swift */ = {isa = PBXFileReference; lastKnownFileType = sourcecode.swift; path = ThemePreview.swift; sourceTree = "<group>"; };
		348D7F8529E52682009493E9 /* SmallMaturaView.swift */ = {isa = PBXFileReference; lastKnownFileType = sourcecode.swift; path = SmallMaturaView.swift; sourceTree = "<group>"; };
		3492FCF529C8D59E002432F0 /* AppStateManager.swift */ = {isa = PBXFileReference; lastKnownFileType = sourcecode.swift; path = AppStateManager.swift; sourceTree = "<group>"; };
		34BDF5AE2A08D1C000013E3F /* PurchaseProView.swift */ = {isa = PBXFileReference; lastKnownFileType = sourcecode.swift; path = PurchaseProView.swift; sourceTree = "<group>"; };
		34BDF5B02A08D6ED00013E3F /* ProFeatuteCell.swift */ = {isa = PBXFileReference; lastKnownFileType = sourcecode.swift; path = ProFeatuteCell.swift; sourceTree = "<group>"; };
		34C0764229C3087F00ACF799 /* whenMatura.app */ = {isa = PBXFileReference; explicitFileType = wrapper.application; includeInIndex = 0; path = whenMatura.app; sourceTree = BUILT_PRODUCTS_DIR; };
		34C0764529C3087F00ACF799 /* whenMaturaApp.swift */ = {isa = PBXFileReference; lastKnownFileType = sourcecode.swift; path = whenMaturaApp.swift; sourceTree = "<group>"; };
		34C0764729C3087F00ACF799 /* CountView.swift */ = {isa = PBXFileReference; lastKnownFileType = sourcecode.swift; path = CountView.swift; sourceTree = "<group>"; };
		34C0764929C3087F00ACF799 /* Assets.xcassets */ = {isa = PBXFileReference; lastKnownFileType = folder.assetcatalog; path = Assets.xcassets; sourceTree = "<group>"; };
		34C0764C29C3087F00ACF799 /* Preview Assets.xcassets */ = {isa = PBXFileReference; lastKnownFileType = folder.assetcatalog; path = "Preview Assets.xcassets"; sourceTree = "<group>"; };
		34C0765429C309D900ACF799 /* OnboardingView.swift */ = {isa = PBXFileReference; lastKnownFileType = sourcecode.swift; path = OnboardingView.swift; sourceTree = "<group>"; };
		34F26C8A29E52B100084A913 /* CircularMaturaView.swift */ = {isa = PBXFileReference; lastKnownFileType = sourcecode.swift; path = CircularMaturaView.swift; sourceTree = "<group>"; };
		34F7DF3C29D57CCC00088685 /* whenMaturaWidgetExtension.appex */ = {isa = PBXFileReference; explicitFileType = "wrapper.app-extension"; includeInIndex = 0; path = whenMaturaWidgetExtension.appex; sourceTree = BUILT_PRODUCTS_DIR; };
		34F7DF3E29D57CCC00088685 /* WidgetKit.framework */ = {isa = PBXFileReference; lastKnownFileType = wrapper.framework; name = WidgetKit.framework; path = System/Library/Frameworks/WidgetKit.framework; sourceTree = SDKROOT; };
		34F7DF4029D57CCC00088685 /* SwiftUI.framework */ = {isa = PBXFileReference; lastKnownFileType = wrapper.framework; name = SwiftUI.framework; path = System/Library/Frameworks/SwiftUI.framework; sourceTree = SDKROOT; };
		34F7DF4329D57CCC00088685 /* whenMaturaWidgetBundle.swift */ = {isa = PBXFileReference; lastKnownFileType = sourcecode.swift; path = whenMaturaWidgetBundle.swift; sourceTree = "<group>"; };
		34F7DF4529D57CCC00088685 /* whenMaturaWidget.swift */ = {isa = PBXFileReference; lastKnownFileType = sourcecode.swift; path = whenMaturaWidget.swift; sourceTree = "<group>"; };
		34F7DF4729D57CCE00088685 /* Assets.xcassets */ = {isa = PBXFileReference; lastKnownFileType = folder.assetcatalog; path = Assets.xcassets; sourceTree = "<group>"; };
		34F7DF4929D57CCE00088685 /* Info.plist */ = {isa = PBXFileReference; lastKnownFileType = text.plist.xml; path = Info.plist; sourceTree = "<group>"; };
		34F7DF5129D57D7A00088685 /* whenMaturaWidgetExtension.entitlements */ = {isa = PBXFileReference; lastKnownFileType = text.plist.entitlements; path = whenMaturaWidgetExtension.entitlements; sourceTree = "<group>"; };
/* End PBXFileReference section */

/* Begin PBXFrameworksBuildPhase section */
		34C0763F29C3087F00ACF799 /* Frameworks */ = {
			isa = PBXFrameworksBuildPhase;
			buildActionMask = 2147483647;
			files = (
				341A540429F05ADE00EA9ECE /* AlertToast in Frameworks */,
				340524072A0B8321004A39C7 /* StoreKit.framework in Frameworks */,
			);
			runOnlyForDeploymentPostprocessing = 0;
		};
		34F7DF3929D57CCC00088685 /* Frameworks */ = {
			isa = PBXFrameworksBuildPhase;
			buildActionMask = 2147483647;
			files = (
				34F7DF4129D57CCC00088685 /* SwiftUI.framework in Frameworks */,
				34F7DF3F29D57CCC00088685 /* WidgetKit.framework in Frameworks */,
			);
			runOnlyForDeploymentPostprocessing = 0;
		};
/* End PBXFrameworksBuildPhase section */

/* Begin PBXGroup section */
		3406DA6529C9F8440090B416 /* Managers */ = {
			isa = PBXGroup;
			children = (
				3492FCF529C8D59E002432F0 /* AppStateManager.swift */,
				3406DA6329C9F39D0090B416 /* ThemeManager.swift */,
				340AB7E429DC007000A818C5 /* MaturaManager.swift */,
				3403B5B22A0B77770089C315 /* IAPManager.swift */,
			);
			path = Managers;
			sourceTree = "<group>";
		};
		3486ABB629DD975A00574216 /* Components */ = {
			isa = PBXGroup;
			children = (
				3486ABB729DD979900574216 /* ThemePreview.swift */,
				34BDF5B02A08D6ED00013E3F /* ProFeatuteCell.swift */,
			);
			path = Components;
			sourceTree = "<group>";
		};
		34C0763929C3087E00ACF799 = {
			isa = PBXGroup;
			children = (
				34F7DF5129D57D7A00088685 /* whenMaturaWidgetExtension.entitlements */,
				34C0764429C3087F00ACF799 /* whenMatura */,
				34F7DF4229D57CCC00088685 /* whenMaturaWidget */,
				34F7DF3D29D57CCC00088685 /* Frameworks */,
				34C0764329C3087F00ACF799 /* Products */,
			);
			sourceTree = "<group>";
		};
		34C0764329C3087F00ACF799 /* Products */ = {
			isa = PBXGroup;
			children = (
				34C0764229C3087F00ACF799 /* whenMatura.app */,
				34F7DF3C29D57CCC00088685 /* whenMaturaWidgetExtension.appex */,
			);
			name = Products;
			sourceTree = "<group>";
		};
		34C0764429C3087F00ACF799 /* whenMatura */ = {
			isa = PBXGroup;
			children = (
				341BA32229CD874D00501A9E /* whenMatura.entitlements */,
				34C0764529C3087F00ACF799 /* whenMaturaApp.swift */,
				3406DA6529C9F8440090B416 /* Managers */,
				34C0765329C308AA00ACF799 /* Views */,
				3486ABB629DD975A00574216 /* Components */,
				34C0764929C3087F00ACF799 /* Assets.xcassets */,
				34C0764B29C3087F00ACF799 /* Preview Content */,
			);
			path = whenMatura;
			sourceTree = "<group>";
		};
		34C0764B29C3087F00ACF799 /* Preview Content */ = {
			isa = PBXGroup;
			children = (
				34C0764C29C3087F00ACF799 /* Preview Assets.xcassets */,
			);
			path = "Preview Content";
			sourceTree = "<group>";
		};
		34C0765329C308AA00ACF799 /* Views */ = {
			isa = PBXGroup;
			children = (
				34C0765429C309D900ACF799 /* OnboardingView.swift */,
				34C0764729C3087F00ACF799 /* CountView.swift */,
				344B3B0929C9B348002CB723 /* SettingsView.swift */,
				3406DA6929C9F96F0090B416 /* ChooseThemeView.swift */,
				3486ABB429DD953A00574216 /* ThemeCreatorView.swift */,
				34BDF5AE2A08D1C000013E3F /* PurchaseProView.swift */,
				348635A72A0B8A08004CAE7F /* ThanksProView.swift */,
			);
			path = Views;
			sourceTree = "<group>";
		};
		34F26C8C29E52B1B0084A913 /* WidgetViews */ = {
			isa = PBXGroup;
			children = (
				348D7F8529E52682009493E9 /* SmallMaturaView.swift */,
				34F26C8A29E52B100084A913 /* CircularMaturaView.swift */,
				344FE94429E94EEE001C6DA1 /* RectagularMaturaView.swift */,
			);
			path = WidgetViews;
			sourceTree = "<group>";
		};
		34F7DF3D29D57CCC00088685 /* Frameworks */ = {
			isa = PBXGroup;
			children = (
				340524062A0B8321004A39C7 /* StoreKit.framework */,
				34F7DF3E29D57CCC00088685 /* WidgetKit.framework */,
				34F7DF4029D57CCC00088685 /* SwiftUI.framework */,
			);
			name = Frameworks;
			sourceTree = "<group>";
		};
		34F7DF4229D57CCC00088685 /* whenMaturaWidget */ = {
			isa = PBXGroup;
			children = (
				34F7DF4329D57CCC00088685 /* whenMaturaWidgetBundle.swift */,
				34F7DF4529D57CCC00088685 /* whenMaturaWidget.swift */,
				34F26C8C29E52B1B0084A913 /* WidgetViews */,
				346DEAFC29DC1A5000C5A42F /* MaturaManager.swift */,
				34F7DF4729D57CCE00088685 /* Assets.xcassets */,
				34F7DF4929D57CCE00088685 /* Info.plist */,
			);
			path = whenMaturaWidget;
			sourceTree = "<group>";
		};
/* End PBXGroup section */

/* Begin PBXNativeTarget section */
		34C0764129C3087F00ACF799 /* whenMatura */ = {
			isa = PBXNativeTarget;
			buildConfigurationList = 34C0765029C3087F00ACF799 /* Build configuration list for PBXNativeTarget "whenMatura" */;
			buildPhases = (
				34C0763E29C3087F00ACF799 /* Sources */,
				34C0763F29C3087F00ACF799 /* Frameworks */,
				34C0764029C3087F00ACF799 /* Resources */,
				34F7DF4D29D57CCE00088685 /* Embed Foundation Extensions */,
			);
			buildRules = (
			);
			dependencies = (
				34F7DF4B29D57CCE00088685 /* PBXTargetDependency */,
			);
			name = whenMatura;
			packageProductDependencies = (
				341A540329F05ADE00EA9ECE /* AlertToast */,
			);
			productName = whenMatura;
			productReference = 34C0764229C3087F00ACF799 /* whenMatura.app */;
			productType = "com.apple.product-type.application";
		};
		34F7DF3B29D57CCC00088685 /* whenMaturaWidgetExtension */ = {
			isa = PBXNativeTarget;
			buildConfigurationList = 34F7DF5029D57CCE00088685 /* Build configuration list for PBXNativeTarget "whenMaturaWidgetExtension" */;
			buildPhases = (
				34F7DF3829D57CCC00088685 /* Sources */,
				34F7DF3929D57CCC00088685 /* Frameworks */,
				34F7DF3A29D57CCC00088685 /* Resources */,
			);
			buildRules = (
			);
			dependencies = (
			);
			name = whenMaturaWidgetExtension;
			productName = whenMaturaWidgetExtension;
			productReference = 34F7DF3C29D57CCC00088685 /* whenMaturaWidgetExtension.appex */;
			productType = "com.apple.product-type.app-extension";
		};
/* End PBXNativeTarget section */

/* Begin PBXProject section */
		34C0763A29C3087E00ACF799 /* Project object */ = {
			isa = PBXProject;
			attributes = {
				BuildIndependentTargetsInParallel = 1;
				LastSwiftUpdateCheck = 1420;
				LastUpgradeCheck = 1420;
				TargetAttributes = {
					34C0764129C3087F00ACF799 = {
						CreatedOnToolsVersion = 14.2;
					};
					34F7DF3B29D57CCC00088685 = {
						CreatedOnToolsVersion = 14.2;
					};
				};
			};
			buildConfigurationList = 34C0763D29C3087E00ACF799 /* Build configuration list for PBXProject "whenMatura" */;
			compatibilityVersion = "Xcode 14.0";
			developmentRegion = en;
			hasScannedForEncodings = 0;
			knownRegions = (
				en,
				Base,
			);
			mainGroup = 34C0763929C3087E00ACF799;
			packageReferences = (
				341A540229F05ADE00EA9ECE /* XCRemoteSwiftPackageReference "AlertToast" */,
			);
			productRefGroup = 34C0764329C3087F00ACF799 /* Products */;
			projectDirPath = "";
			projectRoot = "";
			targets = (
				34C0764129C3087F00ACF799 /* whenMatura */,
				34F7DF3B29D57CCC00088685 /* whenMaturaWidgetExtension */,
			);
		};
/* End PBXProject section */

/* Begin PBXResourcesBuildPhase section */
		34C0764029C3087F00ACF799 /* Resources */ = {
			isa = PBXResourcesBuildPhase;
			buildActionMask = 2147483647;
			files = (
				34C0764D29C3087F00ACF799 /* Preview Assets.xcassets in Resources */,
				34C0764A29C3087F00ACF799 /* Assets.xcassets in Resources */,
			);
			runOnlyForDeploymentPostprocessing = 0;
		};
		34F7DF3A29D57CCC00088685 /* Resources */ = {
			isa = PBXResourcesBuildPhase;
			buildActionMask = 2147483647;
			files = (
				34F7DF4829D57CCE00088685 /* Assets.xcassets in Resources */,
			);
			runOnlyForDeploymentPostprocessing = 0;
		};
/* End PBXResourcesBuildPhase section */

/* Begin PBXSourcesBuildPhase section */
		34C0763E29C3087F00ACF799 /* Sources */ = {
			isa = PBXSourcesBuildPhase;
			buildActionMask = 2147483647;
			files = (
				3486ABB829DD979900574216 /* ThemePreview.swift in Sources */,
				344B3B0A29C9B348002CB723 /* SettingsView.swift in Sources */,
				34BDF5B12A08D6ED00013E3F /* ProFeatuteCell.swift in Sources */,
				34C0765529C309D900ACF799 /* OnboardingView.swift in Sources */,
				3492FCF629C8D59E002432F0 /* AppStateManager.swift in Sources */,
				340AB7E529DC007000A818C5 /* MaturaManager.swift in Sources */,
				34C0764829C3087F00ACF799 /* CountView.swift in Sources */,
				3403B5B32A0B77770089C315 /* IAPManager.swift in Sources */,
				34C0764629C3087F00ACF799 /* whenMaturaApp.swift in Sources */,
				3486ABB529DD953A00574216 /* ThemeCreatorView.swift in Sources */,
				34BDF5AF2A08D1C000013E3F /* PurchaseProView.swift in Sources */,
				348635A82A0B8A08004CAE7F /* ThanksProView.swift in Sources */,
				3406DA6429C9F39D0090B416 /* ThemeManager.swift in Sources */,
				3406DA6A29C9F96F0090B416 /* ChooseThemeView.swift in Sources */,
			);
			runOnlyForDeploymentPostprocessing = 0;
		};
		34F7DF3829D57CCC00088685 /* Sources */ = {
			isa = PBXSourcesBuildPhase;
			buildActionMask = 2147483647;
			files = (
				34F7DF4429D57CCC00088685 /* whenMaturaWidgetBundle.swift in Sources */,
				34F7DF4629D57CCC00088685 /* whenMaturaWidget.swift in Sources */,
				344FE94529E94EEE001C6DA1 /* RectagularMaturaView.swift in Sources */,
				34F7DF5229D57ECE00088685 /* ThemeManager.swift in Sources */,
				34F26C8B29E52B100084A913 /* CircularMaturaView.swift in Sources */,
				346DEAFD29DC1A5000C5A42F /* MaturaManager.swift in Sources */,
				348D7F8629E52682009493E9 /* SmallMaturaView.swift in Sources */,
			);
			runOnlyForDeploymentPostprocessing = 0;
		};
/* End PBXSourcesBuildPhase section */

/* Begin PBXTargetDependency section */
		34F7DF4B29D57CCE00088685 /* PBXTargetDependency */ = {
			isa = PBXTargetDependency;
			target = 34F7DF3B29D57CCC00088685 /* whenMaturaWidgetExtension */;
			targetProxy = 34F7DF4A29D57CCE00088685 /* PBXContainerItemProxy */;
		};
/* End PBXTargetDependency section */

/* Begin XCBuildConfiguration section */
		34C0764E29C3087F00ACF799 /* Debug */ = {
			isa = XCBuildConfiguration;
			buildSettings = {
				ALWAYS_SEARCH_USER_PATHS = NO;
				CLANG_ANALYZER_NONNULL = YES;
				CLANG_ANALYZER_NUMBER_OBJECT_CONVERSION = YES_AGGRESSIVE;
				CLANG_CXX_LANGUAGE_STANDARD = "gnu++20";
				CLANG_ENABLE_MODULES = YES;
				CLANG_ENABLE_OBJC_ARC = YES;
				CLANG_ENABLE_OBJC_WEAK = YES;
				CLANG_WARN_BLOCK_CAPTURE_AUTORELEASING = YES;
				CLANG_WARN_BOOL_CONVERSION = YES;
				CLANG_WARN_COMMA = YES;
				CLANG_WARN_CONSTANT_CONVERSION = YES;
				CLANG_WARN_DEPRECATED_OBJC_IMPLEMENTATIONS = YES;
				CLANG_WARN_DIRECT_OBJC_ISA_USAGE = YES_ERROR;
				CLANG_WARN_DOCUMENTATION_COMMENTS = YES;
				CLANG_WARN_EMPTY_BODY = YES;
				CLANG_WARN_ENUM_CONVERSION = YES;
				CLANG_WARN_INFINITE_RECURSION = YES;
				CLANG_WARN_INT_CONVERSION = YES;
				CLANG_WARN_NON_LITERAL_NULL_CONVERSION = YES;
				CLANG_WARN_OBJC_IMPLICIT_RETAIN_SELF = YES;
				CLANG_WARN_OBJC_LITERAL_CONVERSION = YES;
				CLANG_WARN_OBJC_ROOT_CLASS = YES_ERROR;
				CLANG_WARN_QUOTED_INCLUDE_IN_FRAMEWORK_HEADER = YES;
				CLANG_WARN_RANGE_LOOP_ANALYSIS = YES;
				CLANG_WARN_STRICT_PROTOTYPES = YES;
				CLANG_WARN_SUSPICIOUS_MOVE = YES;
				CLANG_WARN_UNGUARDED_AVAILABILITY = YES_AGGRESSIVE;
				CLANG_WARN_UNREACHABLE_CODE = YES;
				CLANG_WARN__DUPLICATE_METHOD_MATCH = YES;
				COPY_PHASE_STRIP = NO;
				DEBUG_INFORMATION_FORMAT = dwarf;
				ENABLE_STRICT_OBJC_MSGSEND = YES;
				ENABLE_TESTABILITY = YES;
				GCC_C_LANGUAGE_STANDARD = gnu11;
				GCC_DYNAMIC_NO_PIC = NO;
				GCC_NO_COMMON_BLOCKS = YES;
				GCC_OPTIMIZATION_LEVEL = 0;
				GCC_PREPROCESSOR_DEFINITIONS = (
					"DEBUG=1",
					"$(inherited)",
				);
				GCC_WARN_64_TO_32_BIT_CONVERSION = YES;
				GCC_WARN_ABOUT_RETURN_TYPE = YES_ERROR;
				GCC_WARN_UNDECLARED_SELECTOR = YES;
				GCC_WARN_UNINITIALIZED_AUTOS = YES_AGGRESSIVE;
				GCC_WARN_UNUSED_FUNCTION = YES;
				GCC_WARN_UNUSED_VARIABLE = YES;
				IPHONEOS_DEPLOYMENT_TARGET = 16.0;
				MTL_ENABLE_DEBUG_INFO = INCLUDE_SOURCE;
				MTL_FAST_MATH = YES;
				ONLY_ACTIVE_ARCH = YES;
				SDKROOT = iphoneos;
				SWIFT_ACTIVE_COMPILATION_CONDITIONS = DEBUG;
				SWIFT_OPTIMIZATION_LEVEL = "-Onone";
			};
			name = Debug;
		};
		34C0764F29C3087F00ACF799 /* Release */ = {
			isa = XCBuildConfiguration;
			buildSettings = {
				ALWAYS_SEARCH_USER_PATHS = NO;
				CLANG_ANALYZER_NONNULL = YES;
				CLANG_ANALYZER_NUMBER_OBJECT_CONVERSION = YES_AGGRESSIVE;
				CLANG_CXX_LANGUAGE_STANDARD = "gnu++20";
				CLANG_ENABLE_MODULES = YES;
				CLANG_ENABLE_OBJC_ARC = YES;
				CLANG_ENABLE_OBJC_WEAK = YES;
				CLANG_WARN_BLOCK_CAPTURE_AUTORELEASING = YES;
				CLANG_WARN_BOOL_CONVERSION = YES;
				CLANG_WARN_COMMA = YES;
				CLANG_WARN_CONSTANT_CONVERSION = YES;
				CLANG_WARN_DEPRECATED_OBJC_IMPLEMENTATIONS = YES;
				CLANG_WARN_DIRECT_OBJC_ISA_USAGE = YES_ERROR;
				CLANG_WARN_DOCUMENTATION_COMMENTS = YES;
				CLANG_WARN_EMPTY_BODY = YES;
				CLANG_WARN_ENUM_CONVERSION = YES;
				CLANG_WARN_INFINITE_RECURSION = YES;
				CLANG_WARN_INT_CONVERSION = YES;
				CLANG_WARN_NON_LITERAL_NULL_CONVERSION = YES;
				CLANG_WARN_OBJC_IMPLICIT_RETAIN_SELF = YES;
				CLANG_WARN_OBJC_LITERAL_CONVERSION = YES;
				CLANG_WARN_OBJC_ROOT_CLASS = YES_ERROR;
				CLANG_WARN_QUOTED_INCLUDE_IN_FRAMEWORK_HEADER = YES;
				CLANG_WARN_RANGE_LOOP_ANALYSIS = YES;
				CLANG_WARN_STRICT_PROTOTYPES = YES;
				CLANG_WARN_SUSPICIOUS_MOVE = YES;
				CLANG_WARN_UNGUARDED_AVAILABILITY = YES_AGGRESSIVE;
				CLANG_WARN_UNREACHABLE_CODE = YES;
				CLANG_WARN__DUPLICATE_METHOD_MATCH = YES;
				COPY_PHASE_STRIP = NO;
				DEBUG_INFORMATION_FORMAT = "dwarf-with-dsym";
				ENABLE_NS_ASSERTIONS = NO;
				ENABLE_STRICT_OBJC_MSGSEND = YES;
				GCC_C_LANGUAGE_STANDARD = gnu11;
				GCC_NO_COMMON_BLOCKS = YES;
				GCC_WARN_64_TO_32_BIT_CONVERSION = YES;
				GCC_WARN_ABOUT_RETURN_TYPE = YES_ERROR;
				GCC_WARN_UNDECLARED_SELECTOR = YES;
				GCC_WARN_UNINITIALIZED_AUTOS = YES_AGGRESSIVE;
				GCC_WARN_UNUSED_FUNCTION = YES;
				GCC_WARN_UNUSED_VARIABLE = YES;
				IPHONEOS_DEPLOYMENT_TARGET = 16.0;
				MTL_ENABLE_DEBUG_INFO = NO;
				MTL_FAST_MATH = YES;
				SDKROOT = iphoneos;
				SWIFT_COMPILATION_MODE = wholemodule;
				SWIFT_OPTIMIZATION_LEVEL = "-O";
				VALIDATE_PRODUCT = YES;
			};
			name = Release;
		};
		34C0765129C3087F00ACF799 /* Debug */ = {
			isa = XCBuildConfiguration;
			buildSettings = {
				ALWAYS_EMBED_SWIFT_STANDARD_LIBRARIES = YES;
				ASSETCATALOG_COMPILER_APPICON_NAME = AppIcon;
				ASSETCATALOG_COMPILER_GLOBAL_ACCENT_COLOR_NAME = AccentColor;
				CODE_SIGN_ENTITLEMENTS = whenMatura/whenMatura.entitlements;
				CODE_SIGN_STYLE = Automatic;
				CURRENT_PROJECT_VERSION = 14;
				DEVELOPMENT_ASSET_PATHS = "\"whenMatura/Preview Content\"";
				DEVELOPMENT_TEAM = CMJ553K76W;
				ENABLE_PREVIEWS = YES;
				GENERATE_INFOPLIST_FILE = YES;
				INFOPLIST_KEY_CFBundleDisplayName = Matura;
				INFOPLIST_KEY_LSApplicationCategoryType = "public.app-category.education";
				INFOPLIST_KEY_UIApplicationSceneManifest_Generation = YES;
				INFOPLIST_KEY_UIApplicationSupportsIndirectInputEvents = YES;
				INFOPLIST_KEY_UILaunchScreen_Generation = YES;
				INFOPLIST_KEY_UISupportedInterfaceOrientations_iPad = "UIInterfaceOrientationPortrait UIInterfaceOrientationPortraitUpsideDown UIInterfaceOrientationLandscapeLeft UIInterfaceOrientationLandscapeRight";
				INFOPLIST_KEY_UISupportedInterfaceOrientations_iPhone = "UIInterfaceOrientationPortrait UIInterfaceOrientationLandscapeLeft UIInterfaceOrientationLandscapeRight";
				IPHONEOS_DEPLOYMENT_TARGET = 16.0;
				LD_RUNPATH_SEARCH_PATHS = (
					"$(inherited)",
					"@executable_path/Frameworks",
				);
				MARKETING_VERSION = 1.0;
				PRODUCT_BUNDLE_IDENTIFIER = ga.bartminski.whenMatura;
				PRODUCT_NAME = "$(TARGET_NAME)";
				SUPPORTED_PLATFORMS = "iphoneos iphonesimulator";
				SUPPORTS_MACCATALYST = NO;
				SUPPORTS_MAC_DESIGNED_FOR_IPHONE_IPAD = NO;
				SWIFT_EMIT_LOC_STRINGS = YES;
				SWIFT_VERSION = 5.0;
				TARGETED_DEVICE_FAMILY = 1;
			};
			name = Debug;
		};
		34C0765229C3087F00ACF799 /* Release */ = {
			isa = XCBuildConfiguration;
			buildSettings = {
				ALWAYS_EMBED_SWIFT_STANDARD_LIBRARIES = YES;
				ASSETCATALOG_COMPILER_APPICON_NAME = AppIcon;
				ASSETCATALOG_COMPILER_GLOBAL_ACCENT_COLOR_NAME = AccentColor;
				CODE_SIGN_ENTITLEMENTS = whenMatura/whenMatura.entitlements;
				CODE_SIGN_STYLE = Automatic;
				CURRENT_PROJECT_VERSION = 14;
				DEVELOPMENT_ASSET_PATHS = "\"whenMatura/Preview Content\"";
				DEVELOPMENT_TEAM = CMJ553K76W;
				ENABLE_PREVIEWS = YES;
				GENERATE_INFOPLIST_FILE = YES;
				INFOPLIST_KEY_CFBundleDisplayName = Matura;
				INFOPLIST_KEY_LSApplicationCategoryType = "public.app-category.education";
				INFOPLIST_KEY_UIApplicationSceneManifest_Generation = YES;
				INFOPLIST_KEY_UIApplicationSupportsIndirectInputEvents = YES;
				INFOPLIST_KEY_UILaunchScreen_Generation = YES;
				INFOPLIST_KEY_UISupportedInterfaceOrientations_iPad = "UIInterfaceOrientationPortrait UIInterfaceOrientationPortraitUpsideDown UIInterfaceOrientationLandscapeLeft UIInterfaceOrientationLandscapeRight";
				INFOPLIST_KEY_UISupportedInterfaceOrientations_iPhone = "UIInterfaceOrientationPortrait UIInterfaceOrientationLandscapeLeft UIInterfaceOrientationLandscapeRight";
				IPHONEOS_DEPLOYMENT_TARGET = 16.0;
				LD_RUNPATH_SEARCH_PATHS = (
					"$(inherited)",
					"@executable_path/Frameworks",
				);
				MARKETING_VERSION = 1.0;
				PRODUCT_BUNDLE_IDENTIFIER = ga.bartminski.whenMatura;
				PRODUCT_NAME = "$(TARGET_NAME)";
				SUPPORTED_PLATFORMS = "iphoneos iphonesimulator";
				SUPPORTS_MACCATALYST = NO;
				SUPPORTS_MAC_DESIGNED_FOR_IPHONE_IPAD = NO;
				SWIFT_EMIT_LOC_STRINGS = YES;
				SWIFT_VERSION = 5.0;
				TARGETED_DEVICE_FAMILY = 1;
			};
			name = Release;
		};
		34F7DF4E29D57CCE00088685 /* Debug */ = {
			isa = XCBuildConfiguration;
			buildSettings = {
				ASSETCATALOG_COMPILER_GLOBAL_ACCENT_COLOR_NAME = AccentColor;
				ASSETCATALOG_COMPILER_WIDGET_BACKGROUND_COLOR_NAME = WidgetBackground;
				CODE_SIGN_ENTITLEMENTS = whenMaturaWidgetExtension.entitlements;
				CODE_SIGN_STYLE = Automatic;
				CURRENT_PROJECT_VERSION = 14;
				DEVELOPMENT_TEAM = CMJ553K76W;
				GENERATE_INFOPLIST_FILE = YES;
				INFOPLIST_FILE = whenMaturaWidget/Info.plist;
				INFOPLIST_KEY_CFBundleDisplayName = whenMaturaWidget;
				INFOPLIST_KEY_NSHumanReadableCopyright = "";
				LD_RUNPATH_SEARCH_PATHS = (
					"$(inherited)",
					"@executable_path/Frameworks",
					"@executable_path/../../Frameworks",
				);
				MARKETING_VERSION = 1.0;
				PRODUCT_BUNDLE_IDENTIFIER = ga.bartminski.whenMatura.whenMaturaWidget;
				PRODUCT_NAME = "$(TARGET_NAME)";
				SKIP_INSTALL = YES;
				SWIFT_EMIT_LOC_STRINGS = YES;
				SWIFT_VERSION = 5.0;
				TARGETED_DEVICE_FAMILY = "1,2";
			};
			name = Debug;
		};
		34F7DF4F29D57CCE00088685 /* Release */ = {
			isa = XCBuildConfiguration;
			buildSettings = {
				ASSETCATALOG_COMPILER_GLOBAL_ACCENT_COLOR_NAME = AccentColor;
				ASSETCATALOG_COMPILER_WIDGET_BACKGROUND_COLOR_NAME = WidgetBackground;
				CODE_SIGN_ENTITLEMENTS = whenMaturaWidgetExtension.entitlements;
				CODE_SIGN_STYLE = Automatic;
				CURRENT_PROJECT_VERSION = 14;
				DEVELOPMENT_TEAM = CMJ553K76W;
				GENERATE_INFOPLIST_FILE = YES;
				INFOPLIST_FILE = whenMaturaWidget/Info.plist;
				INFOPLIST_KEY_CFBundleDisplayName = whenMaturaWidget;
				INFOPLIST_KEY_NSHumanReadableCopyright = "";
				LD_RUNPATH_SEARCH_PATHS = (
					"$(inherited)",
					"@executable_path/Frameworks",
					"@executable_path/../../Frameworks",
				);
				MARKETING_VERSION = 1.0;
				PRODUCT_BUNDLE_IDENTIFIER = ga.bartminski.whenMatura.whenMaturaWidget;
				PRODUCT_NAME = "$(TARGET_NAME)";
				SKIP_INSTALL = YES;
				SWIFT_EMIT_LOC_STRINGS = YES;
				SWIFT_VERSION = 5.0;
				TARGETED_DEVICE_FAMILY = "1,2";
			};
			name = Release;
		};
/* End XCBuildConfiguration section */

/* Begin XCConfigurationList section */
		34C0763D29C3087E00ACF799 /* Build configuration list for PBXProject "whenMatura" */ = {
			isa = XCConfigurationList;
			buildConfigurations = (
				34C0764E29C3087F00ACF799 /* Debug */,
				34C0764F29C3087F00ACF799 /* Release */,
			);
			defaultConfigurationIsVisible = 0;
			defaultConfigurationName = Release;
		};
		34C0765029C3087F00ACF799 /* Build configuration list for PBXNativeTarget "whenMatura" */ = {
			isa = XCConfigurationList;
			buildConfigurations = (
				34C0765129C3087F00ACF799 /* Debug */,
				34C0765229C3087F00ACF799 /* Release */,
			);
			defaultConfigurationIsVisible = 0;
			defaultConfigurationName = Release;
		};
		34F7DF5029D57CCE00088685 /* Build configuration list for PBXNativeTarget "whenMaturaWidgetExtension" */ = {
			isa = XCConfigurationList;
			buildConfigurations = (
				34F7DF4E29D57CCE00088685 /* Debug */,
				34F7DF4F29D57CCE00088685 /* Release */,
			);
			defaultConfigurationIsVisible = 0;
			defaultConfigurationName = Release;
		};
/* End XCConfigurationList section */

/* Begin XCRemoteSwiftPackageReference section */
		341A540229F05ADE00EA9ECE /* XCRemoteSwiftPackageReference "AlertToast" */ = {
			isa = XCRemoteSwiftPackageReference;
			repositoryURL = "https://github.com/elai950/AlertToast";
			requirement = {
				kind = upToNextMajorVersion;
				minimumVersion = 1.0.0;
			};
		};
/* End XCRemoteSwiftPackageReference section */

/* Begin XCSwiftPackageProductDependency section */
		341A540329F05ADE00EA9ECE /* AlertToast */ = {
			isa = XCSwiftPackageProductDependency;
			package = 341A540229F05ADE00EA9ECE /* XCRemoteSwiftPackageReference "AlertToast" */;
			productName = AlertToast;
		};
/* End XCSwiftPackageProductDependency section */
	};
	rootObject = 34C0763A29C3087E00ACF799 /* Project object */;
}
